
Microsoft Visual Studio Solution File, Format Version 12.00
# Visual Studio Version 17
VisualStudioVersion = 17.7.34221.43
MinimumVisualStudioVersion = 10.0.40219.1
Project("{FAE04EC0-301F-11D3-BF4B-00C04F79EFBC}") = "WebApplication_Tarea3", "WebApplication_Tarea3\WebApplication_Tarea3.csproj", "{6C26EC12-F971-4248-A235-05BC17FE35D8}"
EndProject
Global
	GlobalSection(SolutionConfigurationPlatforms) = preSolution
		Debug|Any CPU = Debug|Any CPU
		Release|Any CPU = Release|Any CPU
	EndGlobalSection
	GlobalSection(ProjectConfigurationPlatforms) = postSolution
		{6C26EC12-F971-4248-A235-05BC17FE35D8}.Debug|Any CPU.ActiveCfg = Debug|Any CPU
		{6C26EC12-F971-4248-A235-05BC17FE35D8}.Debug|Any CPU.Build.0 = Debug|Any CPU
		{6C26EC12-F971-4248-A235-05BC17FE35D8}.Release|Any CPU.ActiveCfg = Release|Any CPU
		{6C26EC12-F971-4248-A235-05BC17FE35D8}.Release|Any CPU.Build.0 = Release|Any CPU
	EndGlobalSection
	GlobalSection(SolutionProperties) = preSolution
		HideSolutionNode = FALSE
	EndGlobalSection
	GlobalSection(ExtensibilityGlobals) = postSolution
		SolutionGuid = {3723062A-DA14-41F0-8C38-18EADF2FEDE2}
	EndGlobalSection
EndGlobal
